
Microsoft Visual Studio Solution File, Format Version 12.00
# Visual Studio Version 17
VisualStudioVersion = 17.4.33213.308
MinimumVisualStudioVersion = 10.0.40219.1
Project("{FAE04EC0-301F-11D3-BF4B-00C04F79EFBC}") = "WpfApp2", "WpfApp2\WpfApp2.csproj", "{977DE95B-DEE9-475E-AF3F-4DCD398437AA}"
EndProject
Global
	GlobalSection(SolutionConfigurationPlatforms) = preSolution
		Debug|Any CPU = Debug|Any CPU
		Release|Any CPU = Release|Any CPU
	EndGlobalSection
	GlobalSection(ProjectConfigurationPlatforms) = postSolution
		{977DE95B-DEE9-475E-AF3F-4DCD398437AA}.Debug|Any CPU.ActiveCfg = Debug|Any CPU
		{977DE95B-DEE9-475E-AF3F-4DCD398437AA}.Debug|Any CPU.Build.0 = Debug|Any CPU
		{977DE95B-DEE9-475E-AF3F-4DCD398437AA}.Release|Any CPU.ActiveCfg = Release|Any CPU
		{977DE95B-DEE9-475E-AF3F-4DCD398437AA}.Release|Any CPU.Build.0 = Release|Any CPU
	EndGlobalSection
	GlobalSection(SolutionProperties) = preSolution
		HideSolutionNode = FALSE
	EndGlobalSection
	GlobalSection(ExtensibilityGlobals) = postSolution
		SolutionGuid = {BD04C8FB-C147-4F66-A5AD-437CF89C3E6E}
	EndGlobalSection
EndGlobal
